{
  "name": "filesystem-indexed-stream",
  "version": "1.0.2",
  "lockfileVersion": 3,
  "requires": true,
  "packages": {
    "": {
      "name": "filesystem-indexed-stream",
      "version": "1.0.2",
      "license": "MIT",
      "dependencies": {
        "filesystem-indexed-stream": "^1.0.2"
      },
      "devDependencies": {
        "@types/node": "20.4.2",
        "typescript": "5.2.2"
      }
    },
    "node_modules/@types/node": {
      "version": "20.4.2",
      "resolved": "https://registry.npmjs.org/@types/node/-/node-20.4.2.tgz",
      "integrity": "sha512-Dd0BYtWgnWJKwO1jkmTrzofjK2QXXcai0dmtzvIBhcA+RsG5h8R3xlyta0kGOZRNfL9GuRtb1knmPEhQrePCEw==",
      "dev": true
    },
    "node_modules/filesystem-indexed-stream": {
      "version": "1.0.2",
      "resolved": "https://registry.npmjs.org/filesystem-indexed-stream/-/filesystem-indexed-stream-1.0.2.tgz",
      "integrity": "sha512-VJ1Io7CLwHkBI0yx5m24dpJ2yK71WMEtI5Ux/mGqjJgE4PIqYlV7mKpclTjO6q3/PdBp0OaQjyObFMhXhWL0eg=="
    },
    "node_modules/typescript": {
      "version": "5.2.2",
      "resolved": "https://registry.npmjs.org/typescript/-/typescript-5.2.2.tgz",
      "integrity": "sha512-mI4WrpHsbCIcwT9cF4FZvr80QUeKvsUsUvKDoR+X/7XHQH98xYD8YHZg7ANtz2GtZt/CBq2QJ0thkGJMHfqc1w==",
      "dev": true,
      "bin": {
        "tsc": "bin/tsc",
        "tsserver": "bin/tsserver"
      },
      "engines": {
        "node": ">=14.17"
      }
    }
  }
}
